
Microsoft Visual Studio Solution File, Format Version 12.00
# Visual Studio Version 17
VisualStudioVersion = 17.8.34330.188
MinimumVisualStudioVersion = 10.0.40219.1
Project("{9A19103F-16F7-4668-BE54-9A1E7A4F7556}") = "TaskDrectorModel", "TaskDrectorModel\TaskDrectorModel.csproj", "{9FEA061F-B2B8-4C3B-9EEC-A953948FB75C}"
EndProject
Project("{9A19103F-16F7-4668-BE54-9A1E7A4F7556}") = "TaskDrectorDataAccess", "TaskDrectorDataAccess\TaskDrectorDataAccess.csproj", "{8E240368-B7B7-4F4A-8682-4B4933292AC2}"
EndProject
Project("{9A19103F-16F7-4668-BE54-9A1E7A4F7556}") = "DebtorTaskConsoleApp", "DebtorTaskConsoleApp\DebtorTaskConsoleApp.csproj", "{34D96F2F-E1E5-4139-9C8B-120F1B82A6D0}"
EndProject
Global
	GlobalSection(SolutionConfigurationPlatforms) = preSolution
		Debug|Any CPU = Debug|Any CPU
		Release|Any CPU = Release|Any CPU
	EndGlobalSection
	GlobalSection(ProjectConfigurationPlatforms) = postSolution
		{9FEA061F-B2B8-4C3B-9EEC-A953948FB75C}.Debug|Any CPU.ActiveCfg = Debug|Any CPU
		{9FEA061F-B2B8-4C3B-9EEC-A953948FB75C}.Debug|Any CPU.Build.0 = Debug|Any CPU
		{9FEA061F-B2B8-4C3B-9EEC-A953948FB75C}.Release|Any CPU.ActiveCfg = Release|Any CPU
		{9FEA061F-B2B8-4C3B-9EEC-A953948FB75C}.Release|Any CPU.Build.0 = Release|Any CPU
		{8E240368-B7B7-4F4A-8682-4B4933292AC2}.Debug|Any CPU.ActiveCfg = Debug|Any CPU
		{8E240368-B7B7-4F4A-8682-4B4933292AC2}.Debug|Any CPU.Build.0 = Debug|Any CPU
		{8E240368-B7B7-4F4A-8682-4B4933292AC2}.Release|Any CPU.ActiveCfg = Release|Any CPU
		{8E240368-B7B7-4F4A-8682-4B4933292AC2}.Release|Any CPU.Build.0 = Release|Any CPU
		{34D96F2F-E1E5-4139-9C8B-120F1B82A6D0}.Debug|Any CPU.ActiveCfg = Debug|Any CPU
		{34D96F2F-E1E5-4139-9C8B-120F1B82A6D0}.Debug|Any CPU.Build.0 = Debug|Any CPU
		{34D96F2F-E1E5-4139-9C8B-120F1B82A6D0}.Release|Any CPU.ActiveCfg = Release|Any CPU
		{34D96F2F-E1E5-4139-9C8B-120F1B82A6D0}.Release|Any CPU.Build.0 = Release|Any CPU
	EndGlobalSection
	GlobalSection(SolutionProperties) = preSolution
		HideSolutionNode = FALSE
	EndGlobalSection
	GlobalSection(ExtensibilityGlobals) = postSolution
		SolutionGuid = {9E3D4E57-3F03-4B55-8E51-CA61406B91AE}
	EndGlobalSection
EndGlobal
